
Microsoft Visual Studio Solution File, Format Version 12.00
# Visual Studio Version 16
VisualStudioVersion = 16.0.32002.261
MinimumVisualStudioVersion = 10.0.40219.1
Project("{8BC9CEB8-8B4A-11D0-8D11-00A0C91BC942}") = "TTUD_Graph", "TTUD_Graph\TTUD_Graph.vcxproj", "{93FAA7A1-25DC-4CC1-93AB-168CE8F68AE3}"
EndProject
Project("{8BC9CEB8-8B4A-11D0-8D11-00A0C91BC942}") = "TTUD_Graph_S", "TTUD_Graph_S\TTUD_Graph_S.vcxproj", "{5549AB69-F9D6-4822-981B-876D5BB0C005}"
EndProject
Project("{8BC9CEB8-8B4A-11D0-8D11-00A0C91BC942}") = "TTUD_Graph_T", "TTUD_Graph_T\TTUD_Graph_T.vcxproj", "{B2340420-3CD2-4818-9369-F283111DD83C}"
EndProject
Project("{8BC9CEB8-8B4A-11D0-8D11-00A0C91BC942}") = "TTUD_Graph_C", "TTUD_Graph_C\TTUD_Graph_C.vcxproj", "{6F91EB73-3B67-40E8-B700-042B5AC2E28A}"
EndProject
Project("{8BC9CEB8-8B4A-11D0-8D11-00A0C91BC942}") = "TTUD_Graph_D", "TTUD_Graph_D\TTUD_Graph_D.vcxproj", "{89089FCF-C83F-4463-91C1-136C8A92998B}"
EndProject
Project("{8BC9CEB8-8B4A-11D0-8D11-00A0C91BC942}") = "TTUD_Graph_I", "TTUD_Graph_I\TTUD_Graph_I.vcxproj", "{F515DDA6-166E-449F-85D7-B1DC0CE176C8}"
EndProject
Project("{8BC9CEB8-8B4A-11D0-8D11-00A0C91BC942}") = "TTUD_Graph_K", "TTUD_Graph_K\TTUD_Graph_K.vcxproj", "{9A1DEA26-03F1-4F04-B70A-6B462DDA9031}"
EndProject
Project("{8BC9CEB8-8B4A-11D0-8D11-00A0C91BC942}") = "TTUD_Graph_Q", "TTUD_Graph_Q\TTUD_Graph_Q.vcxproj", "{C6BEC3FE-01DF-4235-968E-6A820181A13C}"
EndProject
Project("{8BC9CEB8-8B4A-11D0-8D11-00A0C91BC942}") = "TTUD_Graph_A", "TTUD_Graph_A\TTUD_Graph_A.vcxproj", "{7D03B660-EC43-494B-B7E7-8CB376BB23B0}"
EndProject
Project("{8BC9CEB8-8B4A-11D0-8D11-00A0C91BC942}") = "TTUD_Graph_B", "TTUD_Graph_B\TTUD_Graph_B.vcxproj", "{D86D1EED-BAB5-4ACF-AE2A-A5DF71CF10E1}"
EndProject
Project("{8BC9CEB8-8B4A-11D0-8D11-00A0C91BC942}") = "TTUD_Graph_J", "TTUD_Graph_J\TTUD_Graph_J.vcxproj", "{DBA04928-1018-477F-B35B-223CDCEFCA9F}"
EndProject
Project("{8BC9CEB8-8B4A-11D0-8D11-00A0C91BC942}") = "TTUD_Graph_L", "TTUD_Graph_L\TTUD_Graph_L.vcxproj", "{824854F9-4006-4B1E-91AE-AD3F5E93EA11}"
EndProject
Project("{8BC9CEB8-8B4A-11D0-8D11-00A0C91BC942}") = "TTUD_Graph_M", "TTUD_Graph_M\TTUD_Graph_M.vcxproj", "{87A8A82A-EBE8-4B88-838E-CB82D7F09AA1}"
EndProject
Project("{8BC9CEB8-8B4A-11D0-8D11-00A0C91BC942}") = "TTUD_Graph_N", "TTUD_Graph_N\TTUD_Graph_N.vcxproj", "{7F90751B-B56C-4C42-8034-72E3E87244E1}"
EndProject
Project("{8BC9CEB8-8B4A-11D0-8D11-00A0C91BC942}") = "TTUD_Graph_O", "TTUD_Graph_O\TTUD_Graph_O.vcxproj", "{543DE93C-F7DD-40E9-8684-CAF7F3CF77D5}"
EndProject
Project("{8BC9CEB8-8B4A-11D0-8D11-00A0C91BC942}") = "TTUD_Graph_E", "TTUD_Graph_E\TTUD_Graph_E.vcxproj", "{F41259F4-3186-42DC-8EF6-1057B961A974}"
EndProject
Project("{8BC9CEB8-8B4A-11D0-8D11-00A0C91BC942}") = "TTUD_Graph_H", "TTUD_Graph_H\TTUD_Graph_H.vcxproj", "{4EFFB83C-445C-46C1-87EB-08CD3BED2A06}"
EndProject
Project("{8BC9CEB8-8B4A-11D0-8D11-00A0C91BC942}") = "Bai1", "Bai1\Bai1.vcxproj", "{5DA3322D-7718-4DCB-BE4D-46A729A83B6B}"
EndProject
Project("{8BC9CEB8-8B4A-11D0-8D11-00A0C91BC942}") = "Bai2", "Bai2\Bai2.vcxproj", "{74C72428-AA56-4EE8-AD7B-DDAF14917E6A}"
EndProject
Project("{8BC9CEB8-8B4A-11D0-8D11-00A0C91BC942}") = "Bai3", "Bai3\Bai3.vcxproj", "{C0632682-55B4-4B00-9C9D-3547DC7E7E7D}"
EndProject
Global
	GlobalSection(SolutionConfigurationPlatforms) = preSolution
		Debug|x64 = Debug|x64
		Debug|x86 = Debug|x86
		Release|x64 = Release|x64
		Release|x86 = Release|x86
	EndGlobalSection
	GlobalSection(ProjectConfigurationPlatforms) = postSolution
		{93FAA7A1-25DC-4CC1-93AB-168CE8F68AE3}.Debug|x64.ActiveCfg = Debug|x64
		{93FAA7A1-25DC-4CC1-93AB-168CE8F68AE3}.Debug|x64.Build.0 = Debug|x64
		{93FAA7A1-25DC-4CC1-93AB-168CE8F68AE3}.Debug|x86.ActiveCfg = Debug|Win32
		{93FAA7A1-25DC-4CC1-93AB-168CE8F68AE3}.Debug|x86.Build.0 = Debug|Win32
		{93FAA7A1-25DC-4CC1-93AB-168CE8F68AE3}.Release|x64.ActiveCfg = Release|x64
		{93FAA7A1-25DC-4CC1-93AB-168CE8F68AE3}.Release|x64.Build.0 = Release|x64
		{93FAA7A1-25DC-4CC1-93AB-168CE8F68AE3}.Release|x86.ActiveCfg = Release|Win32
		{93FAA7A1-25DC-4CC1-93AB-168CE8F68AE3}.Release|x86.Build.0 = Release|Win32
		{5549AB69-F9D6-4822-981B-876D5BB0C005}.Debug|x64.ActiveCfg = Debug|x64
		{5549AB69-F9D6-4822-981B-876D5BB0C005}.Debug|x64.Build.0 = Debug|x64
		{5549AB69-F9D6-4822-981B-876D5BB0C005}.Debug|x86.ActiveCfg = Debug|Win32
		{5549AB69-F9D6-4822-981B-876D5BB0C005}.Debug|x86.Build.0 = Debug|Win32
		{5549AB69-F9D6-4822-981B-876D5BB0C005}.Release|x64.ActiveCfg = Release|x64
		{5549AB69-F9D6-4822-981B-876D5BB0C005}.Release|x64.Build.0 = Release|x64
		{5549AB69-F9D6-4822-981B-876D5BB0C005}.Release|x86.ActiveCfg = Release|Win32
		{5549AB69-F9D6-4822-981B-876D5BB0C005}.Release|x86.Build.0 = Release|Win32
		{B2340420-3CD2-4818-9369-F283111DD83C}.Debug|x64.ActiveCfg = Debug|x64
		{B2340420-3CD2-4818-9369-F283111DD83C}.Debug|x64.Build.0 = Debug|x64
		{B2340420-3CD2-4818-9369-F283111DD83C}.Debug|x86.ActiveCfg = Debug|Win32
		{B2340420-3CD2-4818-9369-F283111DD83C}.Debug|x86.Build.0 = Debug|Win32
		{B2340420-3CD2-4818-9369-F283111DD83C}.Release|x64.ActiveCfg = Release|x64
		{B2340420-3CD2-4818-9369-F283111DD83C}.Release|x64.Build.0 = Release|x64
		{B2340420-3CD2-4818-9369-F283111DD83C}.Release|x86.ActiveCfg = Release|Win32
		{B2340420-3CD2-4818-9369-F283111DD83C}.Release|x86.Build.0 = Release|Win32
		{6F91EB73-3B67-40E8-B700-042B5AC2E28A}.Debug|x64.ActiveCfg = Debug|x64
		{6F91EB73-3B67-40E8-B700-042B5AC2E28A}.Debug|x64.Build.0 = Debug|x64
		{6F91EB73-3B67-40E8-B700-042B5AC2E28A}.Debug|x86.ActiveCfg = Debug|Win32
		{6F91EB73-3B67-40E8-B700-042B5AC2E28A}.Debug|x86.Build.0 = Debug|Win32
		{6F91EB73-3B67-40E8-B700-042B5AC2E28A}.Release|x64.ActiveCfg = Release|x64
		{6F91EB73-3B67-40E8-B700-042B5AC2E28A}.Release|x64.Build.0 = Release|x64
		{6F91EB73-3B67-40E8-B700-042B5AC2E28A}.Release|x86.ActiveCfg = Release|Win32
		{6F91EB73-3B67-40E8-B700-042B5AC2E28A}.Release|x86.Build.0 = Release|Win32
		{89089FCF-C83F-4463-91C1-136C8A92998B}.Debug|x64.ActiveCfg = Debug|x64
		{89089FCF-C83F-4463-91C1-136C8A92998B}.Debug|x64.Build.0 = Debug|x64
		{89089FCF-C83F-4463-91C1-136C8A92998B}.Debug|x86.ActiveCfg = Debug|Win32
		{89089FCF-C83F-4463-91C1-136C8A92998B}.Debug|x86.Build.0 = Debug|Win32
		{89089FCF-C83F-4463-91C1-136C8A92998B}.Release|x64.ActiveCfg = Release|x64
		{89089FCF-C83F-4463-91C1-136C8A92998B}.Release|x64.Build.0 = Release|x64
		{89089FCF-C83F-4463-91C1-136C8A92998B}.Release|x86.ActiveCfg = Release|Win32
		{89089FCF-C83F-4463-91C1-136C8A92998B}.Release|x86.Build.0 = Release|Win32
		{F515DDA6-166E-449F-85D7-B1DC0CE176C8}.Debug|x64.ActiveCfg = Debug|x64
		{F515DDA6-166E-449F-85D7-B1DC0CE176C8}.Debug|x64.Build.0 = Debug|x64
		{F515DDA6-166E-449F-85D7-B1DC0CE176C8}.Debug|x86.ActiveCfg = Debug|Win32
		{F515DDA6-166E-449F-85D7-B1DC0CE176C8}.Debug|x86.Build.0 = Debug|Win32
		{F515DDA6-166E-449F-85D7-B1DC0CE176C8}.Release|x64.ActiveCfg = Release|x64
		{F515DDA6-166E-449F-85D7-B1DC0CE176C8}.Release|x64.Build.0 = Release|x64
		{F515DDA6-166E-449F-85D7-B1DC0CE176C8}.Release|x86.ActiveCfg = Release|Win32
		{F515DDA6-166E-449F-85D7-B1DC0CE176C8}.Release|x86.Build.0 = Release|Win32
		{9A1DEA26-03F1-4F04-B70A-6B462DDA9031}.Debug|x64.ActiveCfg = Debug|x64
		{9A1DEA26-03F1-4F04-B70A-6B462DDA9031}.Debug|x64.Build.0 = Debug|x64
		{9A1DEA26-03F1-4F04-B70A-6B462DDA9031}.Debug|x86.ActiveCfg = Debug|Win32
		{9A1DEA26-03F1-4F04-B70A-6B462DDA9031}.Debug|x86.Build.0 = Debug|Win32
		{9A1DEA26-03F1-4F04-B70A-6B462DDA9031}.Release|x64.ActiveCfg = Release|x64
		{9A1DEA26-03F1-4F04-B70A-6B462DDA9031}.Release|x64.Build.0 = Release|x64
		{9A1DEA26-03F1-4F04-B70A-6B462DDA9031}.Release|x86.ActiveCfg = Release|Win32
		{9A1DEA26-03F1-4F04-B70A-6B462DDA9031}.Release|x86.Build.0 = Release|Win32
		{C6BEC3FE-01DF-4235-968E-6A820181A13C}.Debug|x64.ActiveCfg = Debug|x64
		{C6BEC3FE-01DF-4235-968E-6A820181A13C}.Debug|x64.Build.0 = Debug|x64
		{C6BEC3FE-01DF-4235-968E-6A820181A13C}.Debug|x86.ActiveCfg = Debug|Win32
		{C6BEC3FE-01DF-4235-968E-6A820181A13C}.Debug|x86.Build.0 = Debug|Win32
		{C6BEC3FE-01DF-4235-968E-6A820181A13C}.Release|x64.ActiveCfg = Release|x64
		{C6BEC3FE-01DF-4235-968E-6A820181A13C}.Release|x64.Build.0 = Release|x64
		{C6BEC3FE-01DF-4235-968E-6A820181A13C}.Release|x86.ActiveCfg = Release|Win32
		{C6BEC3FE-01DF-4235-968E-6A820181A13C}.Release|x86.Build.0 = Release|Win32
		{7D03B660-EC43-494B-B7E7-8CB376BB23B0}.Debug|x64.ActiveCfg = Debug|x64
		{7D03B660-EC43-494B-B7E7-8CB376BB23B0}.Debug|x64.Build.0 = Debug|x64
		{7D03B660-EC43-494B-B7E7-8CB376BB23B0}.Debug|x86.ActiveCfg = Debug|Win32
		{7D03B660-EC43-494B-B7E7-8CB376BB23B0}.Debug|x86.Build.0 = Debug|Win32
		{7D03B660-EC43-494B-B7E7-8CB376BB23B0}.Release|x64.ActiveCfg = Release|x64
		{7D03B660-EC43-494B-B7E7-8CB376BB23B0}.Release|x64.Build.0 = Release|x64
		{7D03B660-EC43-494B-B7E7-8CB376BB23B0}.Release|x86.ActiveCfg = Release|Win32
		{7D03B660-EC43-494B-B7E7-8CB376BB23B0}.Release|x86.Build.0 = Release|Win32
		{D86D1EED-BAB5-4ACF-AE2A-A5DF71CF10E1}.Debug|x64.ActiveCfg = Debug|x64
		{D86D1EED-BAB5-4ACF-AE2A-A5DF71CF10E1}.Debug|x64.Build.0 = Debug|x64
		{D86D1EED-BAB5-4ACF-AE2A-A5DF71CF10E1}.Debug|x86.ActiveCfg = Debug|Win32
		{D86D1EED-BAB5-4ACF-AE2A-A5DF71CF10E1}.Debug|x86.Build.0 = Debug|Win32
		{D86D1EED-BAB5-4ACF-AE2A-A5DF71CF10E1}.Release|x64.ActiveCfg = Release|x64
		{D86D1EED-BAB5-4ACF-AE2A-A5DF71CF10E1}.Release|x64.Build.0 = Release|x64
		{D86D1EED-BAB5-4ACF-AE2A-A5DF71CF10E1}.Release|x86.ActiveCfg = Release|Win32
		{D86D1EED-BAB5-4ACF-AE2A-A5DF71CF10E1}.Release|x86.Build.0 = Release|Win32
		{DBA04928-1018-477F-B35B-223CDCEFCA9F}.Debug|x64.ActiveCfg = Debug|x64
		{DBA04928-1018-477F-B35B-223CDCEFCA9F}.Debug|x64.Build.0 = Debug|x64
		{DBA04928-1018-477F-B35B-223CDCEFCA9F}.Debug|x86.ActiveCfg = Debug|Win32
		{DBA04928-1018-477F-B35B-223CDCEFCA9F}.Debug|x86.Build.0 = Debug|Win32
		{DBA04928-1018-477F-B35B-223CDCEFCA9F}.Release|x64.ActiveCfg = Release|x64
		{DBA04928-1018-477F-B35B-223CDCEFCA9F}.Release|x64.Build.0 = Release|x64
		{DBA04928-1018-477F-B35B-223CDCEFCA9F}.Release|x86.ActiveCfg = Release|Win32
		{DBA04928-1018-477F-B35B-223CDCEFCA9F}.Release|x86.Build.0 = Release|Win32
		{824854F9-4006-4B1E-91AE-AD3F5E93EA11}.Debug|x64.ActiveCfg = Debug|x64
		{824854F9-4006-4B1E-91AE-AD3F5E93EA11}.Debug|x64.Build.0 = Debug|x64
		{824854F9-4006-4B1E-91AE-AD3F5E93EA11}.Debug|x86.ActiveCfg = Debug|Win32
		{824854F9-4006-4B1E-91AE-AD3F5E93EA11}.Debug|x86.Build.0 = Debug|Win32
		{824854F9-4006-4B1E-91AE-AD3F5E93EA11}.Release|x64.ActiveCfg = Release|x64
		{824854F9-4006-4B1E-91AE-AD3F5E93EA11}.Release|x64.Build.0 = Release|x64
		{824854F9-4006-4B1E-91AE-AD3F5E93EA11}.Release|x86.ActiveCfg = Release|Win32
		{824854F9-4006-4B1E-91AE-AD3F5E93EA11}.Release|x86.Build.0 = Release|Win32
		{87A8A82A-EBE8-4B88-838E-CB82D7F09AA1}.Debug|x64.ActiveCfg = Debug|x64
		{87A8A82A-EBE8-4B88-838E-CB82D7F09AA1}.Debug|x64.Build.0 = Debug|x64
		{87A8A82A-EBE8-4B88-838E-CB82D7F09AA1}.Debug|x86.ActiveCfg = Debug|Win32
		{87A8A82A-EBE8-4B88-838E-CB82D7F09AA1}.Debug|x86.Build.0 = Debug|Win32
		{87A8A82A-EBE8-4B88-838E-CB82D7F09AA1}.Release|x64.ActiveCfg = Release|x64
		{87A8A82A-EBE8-4B88-838E-CB82D7F09AA1}.Release|x64.Build.0 = Release|x64
		{87A8A82A-EBE8-4B88-838E-CB82D7F09AA1}.Release|x86.ActiveCfg = Release|Win32
		{87A8A82A-EBE8-4B88-838E-CB82D7F09AA1}.Release|x86.Build.0 = Release|Win32
		{7F90751B-B56C-4C42-8034-72E3E87244E1}.Debug|x64.ActiveCfg = Debug|x64
		{7F90751B-B56C-4C42-8034-72E3E87244E1}.Debug|x64.Build.0 = Debug|x64
		{7F90751B-B56C-4C42-8034-72E3E87244E1}.Debug|x86.ActiveCfg = Debug|Win32
		{7F90751B-B56C-4C42-8034-72E3E87244E1}.Debug|x86.Build.0 = Debug|Win32
		{7F90751B-B56C-4C42-8034-72E3E87244E1}.Release|x64.ActiveCfg = Release|x64
		{7F90751B-B56C-4C42-8034-72E3E87244E1}.Release|x64.Build.0 = Release|x64
		{7F90751B-B56C-4C42-8034-72E3E87244E1}.Release|x86.ActiveCfg = Release|Win32
		{7F90751B-B56C-4C42-8034-72E3E87244E1}.Release|x86.Build.0 = Release|Win32
		{543DE93C-F7DD-40E9-8684-CAF7F3CF77D5}.Debug|x64.ActiveCfg = Debug|x64
		{543DE93C-F7DD-40E9-8684-CAF7F3CF77D5}.Debug|x64.Build.0 = Debug|x64
		{543DE93C-F7DD-40E9-8684-CAF7F3CF77D5}.Debug|x86.ActiveCfg = Debug|Win32
		{543DE93C-F7DD-40E9-8684-CAF7F3CF77D5}.Debug|x86.Build.0 = Debug|Win32
		{543DE93C-F7DD-40E9-8684-CAF7F3CF77D5}.Release|x64.ActiveCfg = Release|x64
		{543DE93C-F7DD-40E9-8684-CAF7F3CF77D5}.Release|x64.Build.0 = Release|x64
		{543DE93C-F7DD-40E9-8684-CAF7F3CF77D5}.Release|x86.ActiveCfg = Release|Win32
		{543DE93C-F7DD-40E9-8684-CAF7F3CF77D5}.Release|x86.Build.0 = Release|Win32
		{F41259F4-3186-42DC-8EF6-1057B961A974}.Debug|x64.ActiveCfg = Debug|x64
		{F41259F4-3186-42DC-8EF6-1057B961A974}.Debug|x64.Build.0 = Debug|x64
		{F41259F4-3186-42DC-8EF6-1057B961A974}.Debug|x86.ActiveCfg = Debug|Win32
		{F41259F4-3186-42DC-8EF6-1057B961A974}.Debug|x86.Build.0 = Debug|Win32
		{F41259F4-3186-42DC-8EF6-1057B961A974}.Release|x64.ActiveCfg = Release|x64
		{F41259F4-3186-42DC-8EF6-1057B961A974}.Release|x64.Build.0 = Release|x64
		{F41259F4-3186-42DC-8EF6-1057B961A974}.Release|x86.ActiveCfg = Release|Win32
		{F41259F4-3186-42DC-8EF6-1057B961A974}.Release|x86.Build.0 = Release|Win32
		{4EFFB83C-445C-46C1-87EB-08CD3BED2A06}.Debug|x64.ActiveCfg = Debug|x64
		{4EFFB83C-445C-46C1-87EB-08CD3BED2A06}.Debug|x64.Build.0 = Debug|x64
		{4EFFB83C-445C-46C1-87EB-08CD3BED2A06}.Debug|x86.ActiveCfg = Debug|Win32
		{4EFFB83C-445C-46C1-87EB-08CD3BED2A06}.Debug|x86.Build.0 = Debug|Win32
		{4EFFB83C-445C-46C1-87EB-08CD3BED2A06}.Release|x64.ActiveCfg = Release|x64
		{4EFFB83C-445C-46C1-87EB-08CD3BED2A06}.Release|x64.Build.0 = Release|x64
		{4EFFB83C-445C-46C1-87EB-08CD3BED2A06}.Release|x86.ActiveCfg = Release|Win32
		{4EFFB83C-445C-46C1-87EB-08CD3BED2A06}.Release|x86.Build.0 = Release|Win32
		{5DA3322D-7718-4DCB-BE4D-46A729A83B6B}.Debug|x64.ActiveCfg = Debug|x64
		{5DA3322D-7718-4DCB-BE4D-46A729A83B6B}.Debug|x64.Build.0 = Debug|x64
		{5DA3322D-7718-4DCB-BE4D-46A729A83B6B}.Debug|x86.ActiveCfg = Debug|Win32
		{5DA3322D-7718-4DCB-BE4D-46A729A83B6B}.Debug|x86.Build.0 = Debug|Win32
		{5DA3322D-7718-4DCB-BE4D-46A729A83B6B}.Release|x64.ActiveCfg = Release|x64
		{5DA3322D-7718-4DCB-BE4D-46A729A83B6B}.Release|x64.Build.0 = Release|x64
		{5DA3322D-7718-4DCB-BE4D-46A729A83B6B}.Release|x86.ActiveCfg = Release|Win32
		{5DA3322D-7718-4DCB-BE4D-46A729A83B6B}.Release|x86.Build.0 = Release|Win32
		{74C72428-AA56-4EE8-AD7B-DDAF14917E6A}.Debug|x64.ActiveCfg = Debug|x64
		{74C72428-AA56-4EE8-AD7B-DDAF14917E6A}.Debug|x64.Build.0 = Debug|x64
		{74C72428-AA56-4EE8-AD7B-DDAF14917E6A}.Debug|x86.ActiveCfg = Debug|Win32
		{74C72428-AA56-4EE8-AD7B-DDAF14917E6A}.Debug|x86.Build.0 = Debug|Win32
		{74C72428-AA56-4EE8-AD7B-DDAF14917E6A}.Release|x64.ActiveCfg = Release|x64
		{74C72428-AA56-4EE8-AD7B-DDAF14917E6A}.Release|x64.Build.0 = Release|x64
		{74C72428-AA56-4EE8-AD7B-DDAF14917E6A}.Release|x86.ActiveCfg = Release|Win32
		{74C72428-AA56-4EE8-AD7B-DDAF14917E6A}.Release|x86.Build.0 = Release|Win32
		{C0632682-55B4-4B00-9C9D-3547DC7E7E7D}.Debug|x64.ActiveCfg = Debug|x64
		{C0632682-55B4-4B00-9C9D-3547DC7E7E7D}.Debug|x64.Build.0 = Debug|x64
		{C0632682-55B4-4B00-9C9D-3547DC7E7E7D}.Debug|x86.ActiveCfg = Debug|Win32
		{C0632682-55B4-4B00-9C9D-3547DC7E7E7D}.Debug|x86.Build.0 = Debug|Win32
		{C0632682-55B4-4B00-9C9D-3547DC7E7E7D}.Release|x64.ActiveCfg = Release|x64
		{C0632682-55B4-4B00-9C9D-3547DC7E7E7D}.Release|x64.Build.0 = Release|x64
		{C0632682-55B4-4B00-9C9D-3547DC7E7E7D}.Release|x86.ActiveCfg = Release|Win32
		{C0632682-55B4-4B00-9C9D-3547DC7E7E7D}.Release|x86.Build.0 = Release|Win32
	EndGlobalSection
	GlobalSection(SolutionProperties) = preSolution
		HideSolutionNode = FALSE
	EndGlobalSection
	GlobalSection(ExtensibilityGlobals) = postSolution
		SolutionGuid = {66DC5CC5-FAD6-47C3-A731-FFD69494831A}
	EndGlobalSection
EndGlobal
